
Microsoft Visual Studio Solution File, Format Version 12.00
# Visual Studio 2012
Project("{FAE04EC0-301F-11D3-BF4B-00C04F79EFBC}") = "AutoStartApp", "AutoStartApp\AutoStartApp.csproj", "{293CF8DD-1569-418C-8955-DD3D5E1580AF}"
EndProject
Project("{FAE04EC0-301F-11D3-BF4B-00C04F79EFBC}") = "BaiduMusicClient", "BaiduMusicClient\BaiduMusicClient.csproj", "{90EF4899-85DE-432F-AB4D-2F62DB6D3A0C}"
EndProject
Project("{FAE04EC0-301F-11D3-BF4B-00C04F79EFBC}") = "Vevisoft", "Vevisoft\Vevisoft.csproj", "{CE924025-DFB4-4716-AC6A-3BFC8111AD33}"
EndProject
Project("{FAE04EC0-301F-11D3-BF4B-00C04F79EFBC}") = "VevisoftDLLTest", "VevisoftDLLTest\VevisoftDLLTest.csproj", "{6329E626-EDBE-40DB-B2C2-36DF8FA542C8}"
EndProject
Project("{FAE04EC0-301F-11D3-BF4B-00C04F79EFBC}") = "QQMusicClient", "QQMusicClient\QQMusicClient.csproj", "{A87841B2-0713-4B1D-9613-1B027B10E89D}"
EndProject
Global
	GlobalSection(SolutionConfigurationPlatforms) = preSolution
		Debug|Any CPU = Debug|Any CPU
		Debug|x86 = Debug|x86
		Release|Any CPU = Release|Any CPU
		Release|x86 = Release|x86
	EndGlobalSection
	GlobalSection(ProjectConfigurationPlatforms) = postSolution
		{293CF8DD-1569-418C-8955-DD3D5E1580AF}.Debug|Any CPU.ActiveCfg = Debug|Any CPU
		{293CF8DD-1569-418C-8955-DD3D5E1580AF}.Debug|Any CPU.Build.0 = Debug|Any CPU
		{293CF8DD-1569-418C-8955-DD3D5E1580AF}.Debug|x86.ActiveCfg = Debug|Any CPU
		{293CF8DD-1569-418C-8955-DD3D5E1580AF}.Debug|x86.Build.0 = Debug|Any CPU
		{293CF8DD-1569-418C-8955-DD3D5E1580AF}.Release|Any CPU.ActiveCfg = Release|Any CPU
		{293CF8DD-1569-418C-8955-DD3D5E1580AF}.Release|Any CPU.Build.0 = Release|Any CPU
		{293CF8DD-1569-418C-8955-DD3D5E1580AF}.Release|x86.ActiveCfg = Release|Any CPU
		{293CF8DD-1569-418C-8955-DD3D5E1580AF}.Release|x86.Build.0 = Release|Any CPU
		{90EF4899-85DE-432F-AB4D-2F62DB6D3A0C}.Debug|Any CPU.ActiveCfg = Debug|Any CPU
		{90EF4899-85DE-432F-AB4D-2F62DB6D3A0C}.Debug|Any CPU.Build.0 = Debug|Any CPU
		{90EF4899-85DE-432F-AB4D-2F62DB6D3A0C}.Debug|x86.ActiveCfg = Debug|Any CPU
		{90EF4899-85DE-432F-AB4D-2F62DB6D3A0C}.Debug|x86.Build.0 = Debug|Any CPU
		{90EF4899-85DE-432F-AB4D-2F62DB6D3A0C}.Release|Any CPU.ActiveCfg = Release|Any CPU
		{90EF4899-85DE-432F-AB4D-2F62DB6D3A0C}.Release|Any CPU.Build.0 = Release|Any CPU
		{90EF4899-85DE-432F-AB4D-2F62DB6D3A0C}.Release|x86.ActiveCfg = Release|Any CPU
		{90EF4899-85DE-432F-AB4D-2F62DB6D3A0C}.Release|x86.Build.0 = Release|Any CPU
		{CE924025-DFB4-4716-AC6A-3BFC8111AD33}.Debug|Any CPU.ActiveCfg = Debug|Any CPU
		{CE924025-DFB4-4716-AC6A-3BFC8111AD33}.Debug|Any CPU.Build.0 = Debug|Any CPU
		{CE924025-DFB4-4716-AC6A-3BFC8111AD33}.Debug|x86.ActiveCfg = Debug|Any CPU
		{CE924025-DFB4-4716-AC6A-3BFC8111AD33}.Debug|x86.Build.0 = Debug|Any CPU
		{CE924025-DFB4-4716-AC6A-3BFC8111AD33}.Release|Any CPU.ActiveCfg = Release|Any CPU
		{CE924025-DFB4-4716-AC6A-3BFC8111AD33}.Release|Any CPU.Build.0 = Release|Any CPU
		{CE924025-DFB4-4716-AC6A-3BFC8111AD33}.Release|x86.ActiveCfg = Release|Any CPU
		{CE924025-DFB4-4716-AC6A-3BFC8111AD33}.Release|x86.Build.0 = Release|Any CPU
		{6329E626-EDBE-40DB-B2C2-36DF8FA542C8}.Debug|Any CPU.ActiveCfg = Debug|Any CPU
		{6329E626-EDBE-40DB-B2C2-36DF8FA542C8}.Debug|Any CPU.Build.0 = Debug|Any CPU
		{6329E626-EDBE-40DB-B2C2-36DF8FA542C8}.Debug|x86.ActiveCfg = Debug|Any CPU
		{6329E626-EDBE-40DB-B2C2-36DF8FA542C8}.Debug|x86.Build.0 = Debug|Any CPU
		{6329E626-EDBE-40DB-B2C2-36DF8FA542C8}.Release|Any CPU.ActiveCfg = Release|Any CPU
		{6329E626-EDBE-40DB-B2C2-36DF8FA542C8}.Release|Any CPU.Build.0 = Release|Any CPU
		{6329E626-EDBE-40DB-B2C2-36DF8FA542C8}.Release|x86.ActiveCfg = Release|Any CPU
		{6329E626-EDBE-40DB-B2C2-36DF8FA542C8}.Release|x86.Build.0 = Release|Any CPU
		{A87841B2-0713-4B1D-9613-1B027B10E89D}.Debug|Any CPU.ActiveCfg = Debug|Any CPU
		{A87841B2-0713-4B1D-9613-1B027B10E89D}.Debug|Any CPU.Build.0 = Debug|Any CPU
		{A87841B2-0713-4B1D-9613-1B027B10E89D}.Debug|x86.ActiveCfg = Debug|Any CPU
		{A87841B2-0713-4B1D-9613-1B027B10E89D}.Debug|x86.Build.0 = Debug|Any CPU
		{A87841B2-0713-4B1D-9613-1B027B10E89D}.Release|Any CPU.ActiveCfg = Release|Any CPU
		{A87841B2-0713-4B1D-9613-1B027B10E89D}.Release|Any CPU.Build.0 = Release|Any CPU
		{A87841B2-0713-4B1D-9613-1B027B10E89D}.Release|x86.ActiveCfg = Release|Any CPU
		{A87841B2-0713-4B1D-9613-1B027B10E89D}.Release|x86.Build.0 = Release|Any CPU
	EndGlobalSection
	GlobalSection(SolutionProperties) = preSolution
		HideSolutionNode = FALSE
	EndGlobalSection
EndGlobal
